
Microsoft Visual Studio Solution File, Format Version 12.00
# Visual Studio Version 17
VisualStudioVersion = 17.11.35312.102
MinimumVisualStudioVersion = 10.0.40219.1
Project("{FAE04EC0-301F-11D3-BF4B-00C04F79EFBC}") = "WebApplicationKC", "WebApplicationKC\WebApplicationKC.csproj", "{166E4711-C6FF-4F88-8363-BF365F9E36E2}"
EndProject
Global
	GlobalSection(SolutionConfigurationPlatforms) = preSolution
		Debug|Any CPU = Debug|Any CPU
		Release|Any CPU = Release|Any CPU
	EndGlobalSection
	GlobalSection(ProjectConfigurationPlatforms) = postSolution
		{166E4711-C6FF-4F88-8363-BF365F9E36E2}.Debug|Any CPU.ActiveCfg = Debug|Any CPU
		{166E4711-C6FF-4F88-8363-BF365F9E36E2}.Debug|Any CPU.Build.0 = Debug|Any CPU
		{166E4711-C6FF-4F88-8363-BF365F9E36E2}.Release|Any CPU.ActiveCfg = Release|Any CPU
		{166E4711-C6FF-4F88-8363-BF365F9E36E2}.Release|Any CPU.Build.0 = Release|Any CPU
	EndGlobalSection
	GlobalSection(SolutionProperties) = preSolution
		HideSolutionNode = FALSE
	EndGlobalSection
	GlobalSection(ExtensibilityGlobals) = postSolution
		SolutionGuid = {EE5D0F8C-ABD3-4A2E-8CA4-83D40035340C}
	EndGlobalSection
EndGlobal
